PODS:
  - ChameleonFramework/Default (2.1.0)
  - ChameleonFramework/Swift (2.1.0):
    - ChameleonFramework/Default
  - Realm (10.32.0):
    - Realm/Headers (= 10.32.0)
  - Realm/Headers (10.32.0)
  - RealmSwift (10.32.0):
    - Realm (= 10.32.0)
  - SwipeCellKit (2.7.1)

DEPENDENCIES:
  - "ChameleonFramework/Swift (from `git@github.com:wowansm/Chameleon.git`, branch `swift5`)"
  - RealmSwift
  - SwipeCellKit

SPEC REPOS:
  trunk:
    - Realm
    - RealmSwift
    - SwipeCellKit

EXTERNAL SOURCES:
  ChameleonFramework:
    :branch: swift5
    :git: "git@github.com:wowansm/Chameleon.git"

CHECKOUT OPTIONS:
  ChameleonFramework:
    :commit: 96d52c36a45847fff60bcff7a58fec1e4bd7390b
    :git: "git@github.com:wowansm/Chameleon.git"

SPEC CHECKSUMS:
  ChameleonFramework: d21a3cc247abfe5e37609a283a8238b03575cf64
  Realm: a00e93347b8d26d372c7a82f6c0b08d6536a21c8
  RealmSwift: fe09c29ca409f8f905fe4086f2a52936193f2e3d
  SwipeCellKit: 3972254a826da74609926daf59b08d6c72e619ea

PODFILE CHECKSUM: 916fafd9855c00344d07793984c7c7fffcddc408

COCOAPODS: 1.11.3
